<?xml version="1.0" encoding="utf-8"?>
<Project ToolsVersion="14.0" xmlns="http://schemas.microsoft.com/developer/msbuild/2003">
  <ItemGroup>
    <ClInclude Include="RenderTextureImplFBO.hpp" />
    <ClInclude Include="RenderWindow.hpp" />
    <ClInclude Include="Shader.hpp" />
    <ClInclude Include="Shape.hpp" />
    <ClInclude Include="Sprite.hpp" />
    <ClInclude Include="Text.hpp" />
    <ClInclude Include="Texture.hpp" />
    <ClInclude Include="TextureSaver.hpp" />
    <ClInclude Include="Transform.hpp" />
    <ClInclude Include="Transformable.hpp" />
    <ClInclude Include="Vertex.hpp" />
    <ClInclude Include="VertexArray.hpp" />
    <ClInclude Include="View.hpp" />
    <ClInclude Include="BlendMode.hpp" />
    <ClInclude Include="CircleShape.hpp" />
    <ClInclude Include="Color.hpp" />
    <ClInclude Include="ConvexShape.hpp" />
    <ClInclude Include="Drawable.hpp" />
    <ClInclude Include="Export.hpp" />
    <ClInclude Include="Font.hpp" />
    <ClInclude Include="GLCheck.hpp" />
    <ClInclude Include="GLExtensions.hpp" />
    <ClInclude Include="GLLoader.hpp" />
    <ClInclude Include="Glsl.hpp" />
    <ClInclude Include="Glyph.hpp" />
    <ClInclude Include="Image.hpp" />
    <ClInclude Include="ImageLoader.hpp" />
    <ClInclude Include="PrimitiveType.hpp" />
    <ClInclude Include="Rect.hpp" />
    <ClInclude Include="RectangleShape.hpp" />
    <ClInclude Include="RenderStates.hpp" />
    <ClInclude Include="RenderTarget.hpp" />
    <ClInclude Include="RenderTexture.hpp" />
    <ClInclude Include="RenderTextureImpl.hpp" />
    <ClInclude Include="RenderTextureImplDefault.hpp" />
  </ItemGroup>
  <ItemGroup>
    <ClCompile Include="RenderWindow.cpp" />
    <ClCompile Include="Shader.cpp" />
    <ClCompile Include="Shape.cpp" />
    <ClCompile Include="Sprite.cpp" />
    <ClCompile Include="Text.cpp" />
    <ClCompile Include="Texture.cpp" />
    <ClCompile Include="TextureSaver.cpp" />
    <ClCompile Include="Transform.cpp" />
    <ClCompile Include="Transformable.cpp" />
    <ClCompile Include="Vertex.cpp" />
    <ClCompile Include="VertexArray.cpp" />
    <ClCompile Include="View.cpp" />
    <ClCompile Include="BlendMode.cpp" />
    <ClCompile Include="CircleShape.cpp" />
    <ClCompile Include="Color.cpp" />
    <ClCompile Include="ConvexShape.cpp" />
    <ClCompile Include="Font.cpp" />
    <ClCompile Include="GLCheck.cpp" />
    <ClCompile Include="GLExtensions.cpp" />
    <ClCompile Include="GLLoader.cpp" />
    <ClCompile Include="Glsl.cpp" />
    <ClCompile Include="Image.cpp" />
    <ClCompile Include="ImageLoader.cpp" />
    <ClCompile Include="RectangleShape.cpp" />
    <ClCompile Include="RenderStates.cpp" />
    <ClCompile Include="RenderTarget.cpp" />
    <ClCompile Include="RenderTexture.cpp" />
    <ClCompile Include="RenderTextureImpl.cpp" />
    <ClCompile Include="RenderTextureImplDefault.cpp" />
    <ClCompile Include="RenderTextureImplFBO.cpp" />
  </ItemGroup>
  <ItemGroup>
    <None Include="Glsl.inl" />
    <None Include="Rect.inl" />
  </ItemGroup>
</Project>