<?xml version="1.0" encoding="utf-8"?>
<Project ToolsVersion="14.0" xmlns="http://schemas.microsoft.com/developer/msbuild/2003">
  <ItemGroup>
    <ClCompile Include="Clock.cpp" />
    <ClCompile Include="Err.cpp" />
    <ClCompile Include="FileInputStream.cpp" />
    <ClCompile Include="Lock.cpp" />
    <ClCompile Include="MemoryInputStream.cpp" />
    <ClCompile Include="Mutex.cpp" />
    <ClCompile Include="Sleep.cpp" />
    <ClCompile Include="String.cpp" />
    <ClCompile Include="Thread.cpp" />
    <ClCompile Include="ThreadLocal.cpp" />
    <ClCompile Include="Time.cpp" />
    <ClCompile Include="Win32\ClockImpl.cpp" />
    <ClCompile Include="Win32\MutexImpl.cpp" />
    <ClCompile Include="Win32\SleepImpl.cpp" />
    <ClCompile Include="Win32\ThreadImpl.cpp" />
    <ClCompile Include="Win32\ThreadLocalImpl.cpp" />
  </ItemGroup>
  <ItemGroup>
    <ClInclude Include="Clock.hpp" />
    <ClInclude Include="Err.hpp" />
    <ClInclude Include="Export.hpp" />
    <ClInclude Include="FileInputStream.hpp" />
    <ClInclude Include="InputStream.hpp" />
    <ClInclude Include="Lock.hpp" />
    <ClInclude Include="MemoryInputStream.hpp" />
    <ClInclude Include="Mutex.hpp" />
    <ClInclude Include="NativeActivity.hpp" />
    <ClInclude Include="NonCopyable.hpp" />
    <ClInclude Include="Sleep.hpp" />
    <ClInclude Include="String.hpp" />
    <ClInclude Include="Thread.hpp" />
    <ClInclude Include="ThreadLocal.hpp" />
    <ClInclude Include="ThreadLocalPtr.hpp" />
    <ClInclude Include="Time.hpp" />
    <ClInclude Include="Utf.hpp" />
    <ClInclude Include="Vector2.hpp" />
    <ClInclude Include="Vector3.hpp" />
    <ClInclude Include="Win32\ClockImpl.hpp" />
    <ClInclude Include="Win32\MutexImpl.hpp" />
    <ClInclude Include="Win32\SleepImpl.hpp" />
    <ClInclude Include="Win32\ThreadImpl.hpp" />
    <ClInclude Include="Win32\ThreadLocalImpl.hpp" />
  </ItemGroup>
  <ItemGroup>
    <None Include="String.inl" />
    <None Include="Thread.inl" />
    <None Include="ThreadLocalPtr.inl" />
    <None Include="Utf.inl" />
    <None Include="Vector2.inl" />
    <None Include="Vector3.inl" />
  </ItemGroup>
</Project>