<?xml version="1.0" encoding="utf-8"?>
<Project ToolsVersion="14.0" xmlns="http://schemas.microsoft.com/developer/msbuild/2003">
  <ItemGroup>
    <ClInclude Include="Ftp.hpp" />
    <ClInclude Include="Http.hpp" />
    <ClInclude Include="IpAddress.hpp" />
    <ClInclude Include="Packet.hpp" />
    <ClInclude Include="Socket.hpp" />
    <ClInclude Include="SocketHandle.hpp" />
    <ClInclude Include="SocketImpl.hpp" />
    <ClInclude Include="SocketSelector.hpp" />
    <ClInclude Include="TcpListener.hpp" />
    <ClInclude Include="TcpSocket.hpp" />
    <ClInclude Include="UdpSocket.hpp" />
    <ClInclude Include="Win32\SocketImpl.hpp" />
    <ClInclude Include="Export.hpp" />
  </ItemGroup>
  <ItemGroup>
    <ClCompile Include="Http.cpp" />
    <ClCompile Include="IpAddress.cpp" />
    <ClCompile Include="Packet.cpp" />
    <ClCompile Include="Socket.cpp" />
    <ClCompile Include="SocketSelector.cpp" />
    <ClCompile Include="TcpListener.cpp" />
    <ClCompile Include="TcpSocket.cpp" />
    <ClCompile Include="UdpSocket.cpp" />
    <ClCompile Include="Win32\SocketImpl.cpp" />
    <ClCompile Include="Ftp.cpp" />
  </ItemGroup>
</Project>