
Microsoft Visual Studio Solution File, Format Version 12.00
# Visual Studio 14
VisualStudioVersion = 14.0.25420.1
MinimumVisualStudioVersion = 10.0.40219.1
Project("{8BC9CEB8-8B4A-11D0-8D11-00A0C91BC942}") = "SpaceStationManager", "SpaceStationManager.vcxproj", "{EBC213C7-7AE2-42A3-A4EA-184CD0674944}"
	ProjectSection(ProjectDependencies) = postProject
		{D46F6C05-1FE7-4999-A8C7-60B4BBB18398} = {D46F6C05-1FE7-4999-A8C7-60B4BBB18398}
		{13571C53-D779-434E-B827-BFC1234E579F} = {13571C53-D779-434E-B827-BFC1234E579F}
		{CD298296-5E8E-472F-B49A-F163447E2F64} = {CD298296-5E8E-472F-B49A-F163447E2F64}
		{EA3652A0-E0A2-45C1-B744-DE0F06C56804} = {EA3652A0-E0A2-45C1-B744-DE0F06C56804}
	EndProjectSection
EndProject
Project("{8BC9CEB8-8B4A-11D0-8D11-00A0C91BC942}") = "GraphLib", "..\GraphLib\GraphLib.vcxproj", "{13571C53-D779-434E-B827-BFC1234E579F}"
	ProjectSection(ProjectDependencies) = postProject
		{D46F6C05-1FE7-4999-A8C7-60B4BBB18398} = {D46F6C05-1FE7-4999-A8C7-60B4BBB18398}
		{CD298296-5E8E-472F-B49A-F163447E2F64} = {CD298296-5E8E-472F-B49A-F163447E2F64}
		{EA3652A0-E0A2-45C1-B744-DE0F06C56804} = {EA3652A0-E0A2-45C1-B744-DE0F06C56804}
	EndProjectSection
EndProject
Project("{8BC9CEB8-8B4A-11D0-8D11-00A0C91BC942}") = "DebuggingLib", "..\DebuggingLib\DebuggingLib.vcxproj", "{EA3652A0-E0A2-45C1-B744-DE0F06C56804}"
	ProjectSection(ProjectDependencies) = postProject
		{CD298296-5E8E-472F-B49A-F163447E2F64} = {CD298296-5E8E-472F-B49A-F163447E2F64}
	EndProjectSection
EndProject
Project("{8BC9CEB8-8B4A-11D0-8D11-00A0C91BC942}") = "Math", "..\Math\Math.vcxproj", "{D46F6C05-1FE7-4999-A8C7-60B4BBB18398}"
EndProject
Project("{2150E333-8FDC-42A3-9474-1A3956D46DE8}") = "Libraries", "Libraries", "{A240CD03-072F-470F-B690-3D71A675412E}"
EndProject
Project("{8BC9CEB8-8B4A-11D0-8D11-00A0C91BC942}") = "TestSuite", "..\TestSuite\TestSuite.vcxproj", "{CD298296-5E8E-472F-B49A-F163447E2F64}"
EndProject
Project("{8BC9CEB8-8B4A-11D0-8D11-00A0C91BC942}") = "RunAllTests", "..\RunAllTests\RunAllTests.vcxproj", "{3CA707D3-CFE0-42E4-B168-66F70489A5C4}"
	ProjectSection(ProjectDependencies) = postProject
		{D46F6C05-1FE7-4999-A8C7-60B4BBB18398} = {D46F6C05-1FE7-4999-A8C7-60B4BBB18398}
		{13571C53-D779-434E-B827-BFC1234E579F} = {13571C53-D779-434E-B827-BFC1234E579F}
		{CD298296-5E8E-472F-B49A-F163447E2F64} = {CD298296-5E8E-472F-B49A-F163447E2F64}
		{EA3652A0-E0A2-45C1-B744-DE0F06C56804} = {EA3652A0-E0A2-45C1-B744-DE0F06C56804}
		{EBC213C7-7AE2-42A3-A4EA-184CD0674944} = {EBC213C7-7AE2-42A3-A4EA-184CD0674944}
	EndProjectSection
EndProject
Global
	GlobalSection(SolutionConfigurationPlatforms) = preSolution
		Debug|x64 = Debug|x64
		Debug|x86 = Debug|x86
		Release|x64 = Release|x64
		Release|x86 = Release|x86
	EndGlobalSection
	GlobalSection(ProjectConfigurationPlatforms) = postSolution
		{EBC213C7-7AE2-42A3-A4EA-184CD0674944}.Debug|x64.ActiveCfg = Debug|x64
		{EBC213C7-7AE2-42A3-A4EA-184CD0674944}.Debug|x64.Build.0 = Debug|x64
		{EBC213C7-7AE2-42A3-A4EA-184CD0674944}.Debug|x86.ActiveCfg = Debug|Win32
		{EBC213C7-7AE2-42A3-A4EA-184CD0674944}.Debug|x86.Build.0 = Debug|Win32
		{EBC213C7-7AE2-42A3-A4EA-184CD0674944}.Release|x64.ActiveCfg = Release|x64
		{EBC213C7-7AE2-42A3-A4EA-184CD0674944}.Release|x64.Build.0 = Release|x64
		{EBC213C7-7AE2-42A3-A4EA-184CD0674944}.Release|x86.ActiveCfg = Release|Win32
		{EBC213C7-7AE2-42A3-A4EA-184CD0674944}.Release|x86.Build.0 = Release|Win32
		{13571C53-D779-434E-B827-BFC1234E579F}.Debug|x64.ActiveCfg = Debug|x64
		{13571C53-D779-434E-B827-BFC1234E579F}.Debug|x64.Build.0 = Debug|x64
		{13571C53-D779-434E-B827-BFC1234E579F}.Debug|x86.ActiveCfg = Debug|Win32
		{13571C53-D779-434E-B827-BFC1234E579F}.Debug|x86.Build.0 = Debug|Win32
		{13571C53-D779-434E-B827-BFC1234E579F}.Release|x64.ActiveCfg = Release|x64
		{13571C53-D779-434E-B827-BFC1234E579F}.Release|x64.Build.0 = Release|x64
		{13571C53-D779-434E-B827-BFC1234E579F}.Release|x86.ActiveCfg = Release|Win32
		{13571C53-D779-434E-B827-BFC1234E579F}.Release|x86.Build.0 = Release|Win32
		{EA3652A0-E0A2-45C1-B744-DE0F06C56804}.Debug|x64.ActiveCfg = Debug|x64
		{EA3652A0-E0A2-45C1-B744-DE0F06C56804}.Debug|x64.Build.0 = Debug|x64
		{EA3652A0-E0A2-45C1-B744-DE0F06C56804}.Debug|x86.ActiveCfg = Debug|Win32
		{EA3652A0-E0A2-45C1-B744-DE0F06C56804}.Debug|x86.Build.0 = Debug|Win32
		{EA3652A0-E0A2-45C1-B744-DE0F06C56804}.Release|x64.ActiveCfg = Release|x64
		{EA3652A0-E0A2-45C1-B744-DE0F06C56804}.Release|x64.Build.0 = Release|x64
		{EA3652A0-E0A2-45C1-B744-DE0F06C56804}.Release|x86.ActiveCfg = Release|Win32
		{EA3652A0-E0A2-45C1-B744-DE0F06C56804}.Release|x86.Build.0 = Release|Win32
		{D46F6C05-1FE7-4999-A8C7-60B4BBB18398}.Debug|x64.ActiveCfg = Debug|x64
		{D46F6C05-1FE7-4999-A8C7-60B4BBB18398}.Debug|x64.Build.0 = Debug|x64
		{D46F6C05-1FE7-4999-A8C7-60B4BBB18398}.Debug|x86.ActiveCfg = Debug|Win32
		{D46F6C05-1FE7-4999-A8C7-60B4BBB18398}.Debug|x86.Build.0 = Debug|Win32
		{D46F6C05-1FE7-4999-A8C7-60B4BBB18398}.Release|x64.ActiveCfg = Release|x64
		{D46F6C05-1FE7-4999-A8C7-60B4BBB18398}.Release|x64.Build.0 = Release|x64
		{D46F6C05-1FE7-4999-A8C7-60B4BBB18398}.Release|x86.ActiveCfg = Release|Win32
		{D46F6C05-1FE7-4999-A8C7-60B4BBB18398}.Release|x86.Build.0 = Release|Win32
		{CD298296-5E8E-472F-B49A-F163447E2F64}.Debug|x64.ActiveCfg = Debug|x64
		{CD298296-5E8E-472F-B49A-F163447E2F64}.Debug|x64.Build.0 = Debug|x64
		{CD298296-5E8E-472F-B49A-F163447E2F64}.Debug|x86.ActiveCfg = Debug|Win32
		{CD298296-5E8E-472F-B49A-F163447E2F64}.Debug|x86.Build.0 = Debug|Win32
		{CD298296-5E8E-472F-B49A-F163447E2F64}.Release|x64.ActiveCfg = Release|x64
		{CD298296-5E8E-472F-B49A-F163447E2F64}.Release|x64.Build.0 = Release|x64
		{CD298296-5E8E-472F-B49A-F163447E2F64}.Release|x86.ActiveCfg = Release|Win32
		{CD298296-5E8E-472F-B49A-F163447E2F64}.Release|x86.Build.0 = Release|Win32
		{3CA707D3-CFE0-42E4-B168-66F70489A5C4}.Debug|x64.ActiveCfg = Debug|x64
		{3CA707D3-CFE0-42E4-B168-66F70489A5C4}.Debug|x64.Build.0 = Debug|x64
		{3CA707D3-CFE0-42E4-B168-66F70489A5C4}.Debug|x86.ActiveCfg = Debug|Win32
		{3CA707D3-CFE0-42E4-B168-66F70489A5C4}.Debug|x86.Build.0 = Debug|Win32
		{3CA707D3-CFE0-42E4-B168-66F70489A5C4}.Release|x64.ActiveCfg = Release|x64
		{3CA707D3-CFE0-42E4-B168-66F70489A5C4}.Release|x64.Build.0 = Release|x64
		{3CA707D3-CFE0-42E4-B168-66F70489A5C4}.Release|x86.ActiveCfg = Release|Win32
		{3CA707D3-CFE0-42E4-B168-66F70489A5C4}.Release|x86.Build.0 = Release|Win32
	EndGlobalSection
	GlobalSection(SolutionProperties) = preSolution
		HideSolutionNode = FALSE
	EndGlobalSection
	GlobalSection(NestedProjects) = preSolution
		{13571C53-D779-434E-B827-BFC1234E579F} = {A240CD03-072F-470F-B690-3D71A675412E}
		{EA3652A0-E0A2-45C1-B744-DE0F06C56804} = {A240CD03-072F-470F-B690-3D71A675412E}
		{D46F6C05-1FE7-4999-A8C7-60B4BBB18398} = {A240CD03-072F-470F-B690-3D71A675412E}
		{CD298296-5E8E-472F-B49A-F163447E2F64} = {A240CD03-072F-470F-B690-3D71A675412E}
	EndGlobalSection
EndGlobal
