<?xml version="1.0" encoding="utf-8"?>
<Project ToolsVersion="4.0" xmlns="http://schemas.microsoft.com/developer/msbuild/2003">
  <ItemGroup>
    <Filter Include="Source Files">
      <UniqueIdentifier>{4FC737F1-C7A5-4376-A066-2A32D752A2FF}</UniqueIdentifier>
      <Extensions>cpp;c;cc;cxx;def;odl;idl;hpj;bat;asm;asmx</Extensions>
    </Filter>
    <Filter Include="Header Files">
      <UniqueIdentifier>{93995380-89BD-4b04-88EB-625FBE52EBFB}</UniqueIdentifier>
      <Extensions>h;hh;hpp;hxx;hm;inl;inc;xsd</Extensions>
    </Filter>
    <Filter Include="Header Files\Graphics">
      <UniqueIdentifier>{6383b345-54b3-46b4-bf10-20ac4755bdd1}</UniqueIdentifier>
    </Filter>
    <Filter Include="Header Files\Universe">
      <UniqueIdentifier>{7512a228-3a56-40bb-b390-fe61b5f745d6}</UniqueIdentifier>
    </Filter>
    <Filter Include="Header Files\Messaging">
      <UniqueIdentifier>{2e5e377a-b5e9-4866-bbe3-8683f3207dfe}</UniqueIdentifier>
    </Filter>
    <Filter Include="Header Files\Audio">
      <UniqueIdentifier>{38683fca-1bc7-4383-a360-401a1bb8e103}</UniqueIdentifier>
    </Filter>
    <Filter Include="Header Files\System">
      <UniqueIdentifier>{ea592603-d223-4666-89f5-a462fd2fe1ac}</UniqueIdentifier>
    </Filter>
    <Filter Include="Header Files\Overlay">
      <UniqueIdentifier>{b0f7f969-0d75-457a-b5d0-05c2d0e4067b}</UniqueIdentifier>
    </Filter>
    <Filter Include="Header Files\Control">
      <UniqueIdentifier>{95d38361-1d28-45f5-9ed1-716cfa2793f1}</UniqueIdentifier>
    </Filter>
    <Filter Include="Header Files\Networking">
      <UniqueIdentifier>{90d114a5-ba5f-4b22-b53f-b8b2c82a828e}</UniqueIdentifier>
    </Filter>
    <Filter Include="Header Files\Blueprint">
      <UniqueIdentifier>{8bc650cf-2c23-4829-b7e8-f90de96a082e}</UniqueIdentifier>
    </Filter>
    <Filter Include="Header Files\Core">
      <UniqueIdentifier>{66c5de6b-676e-4c21-a115-17fa2eeee31a}</UniqueIdentifier>
    </Filter>
    <Filter Include="Header Files\Overlay\Draggable">
      <UniqueIdentifier>{87cfed0c-c4ab-4eda-8a7f-4af1c5192227}</UniqueIdentifier>
    </Filter>
    <Filter Include="Header Files\Ranges">
      <UniqueIdentifier>{697d3a25-2707-482d-903a-711180963a99}</UniqueIdentifier>
    </Filter>
    <Filter Include="Header Files\Game">
      <UniqueIdentifier>{bded067c-2bd7-4bd7-9114-f1c661b17e96}</UniqueIdentifier>
    </Filter>
    <Filter Include="Header Files\Graphics\Utility">
      <UniqueIdentifier>{a5764dfe-d365-46fe-8c0d-1479d10d5a20}</UniqueIdentifier>
    </Filter>
    <Filter Include="Source Files\Audio">
      <UniqueIdentifier>{c6701fa5-9e47-4d3b-9aeb-a92fb1c38064}</UniqueIdentifier>
    </Filter>
    <Filter Include="Source Files\Control">
      <UniqueIdentifier>{aa4cd96e-77b9-4154-889c-671636caf20b}</UniqueIdentifier>
    </Filter>
    <Filter Include="Source Files\Blueprint">
      <UniqueIdentifier>{5a8c5f8f-d59b-4a46-b00a-4a5e34a103f5}</UniqueIdentifier>
    </Filter>
    <Filter Include="Source Files\Graphics">
      <UniqueIdentifier>{9b80c0a0-4f29-4046-8075-8d9f57e761cc}</UniqueIdentifier>
    </Filter>
    <Filter Include="Source Files\Messaging">
      <UniqueIdentifier>{30417b5e-c4c9-4412-a1a0-25b71b98de3c}</UniqueIdentifier>
    </Filter>
    <Filter Include="Source Files\Networking">
      <UniqueIdentifier>{34a3543c-7588-4c8f-839a-08d1b0a1a70d}</UniqueIdentifier>
    </Filter>
    <Filter Include="Source Files\Core">
      <UniqueIdentifier>{954df081-5b50-4e1f-92f6-97cb89fd6372}</UniqueIdentifier>
    </Filter>
    <Filter Include="Source Files\Game">
      <UniqueIdentifier>{fca5c431-d05b-457d-b8d1-3f807bf787f5}</UniqueIdentifier>
    </Filter>
    <Filter Include="Source Files\Ranges">
      <UniqueIdentifier>{c740db64-f641-4a2f-be65-e3c65d07010b}</UniqueIdentifier>
    </Filter>
    <Filter Include="Source Files\Overlay">
      <UniqueIdentifier>{15678f71-995d-427f-9f78-81a67747ffe0}</UniqueIdentifier>
    </Filter>
    <Filter Include="Source Files\System">
      <UniqueIdentifier>{55034789-fde8-4b54-957e-87f5b4623c4a}</UniqueIdentifier>
    </Filter>
    <Filter Include="Source Files\Universe">
      <UniqueIdentifier>{c77d5356-a822-4fe2-bd95-1211662cd1b4}</UniqueIdentifier>
    </Filter>
    <Filter Include="Source Files\Graphics\Utility">
      <UniqueIdentifier>{38635de3-7dc2-4934-9ec7-d94c728d0279}</UniqueIdentifier>
    </Filter>
    <Filter Include="Source Files\Overlay\Draggable">
      <UniqueIdentifier>{9216a983-ec6d-4894-b52b-b52c28552612}</UniqueIdentifier>
    </Filter>
  </ItemGroup>
  <ItemGroup>
    <ClInclude Include="Beam.hpp">
      <Filter>Header Files\Graphics</Filter>
    </ClInclude>
    <ClInclude Include="BasePlayerTraits.hpp">
      <Filter>Header Files\Control</Filter>
    </ClInclude>
    <ClInclude Include="Blueprintable.hpp">
      <Filter>Header Files\Blueprint</Filter>
    </ClInclude>
    <ClInclude Include="BlueprintLoader.hpp">
      <Filter>Header Files\Blueprint</Filter>
    </ClInclude>
    <ClInclude Include="Button.hpp">
      <Filter>Header Files\Overlay</Filter>
    </ClInclude>
    <ClInclude Include="Chatbox.hpp">
      <Filter>Header Files\Overlay</Filter>
    </ClInclude>
    <ClInclude Include="ClassRegister.hpp">
      <Filter>Header Files\Blueprint</Filter>
    </ClInclude>
    <ClInclude Include="Camera.hpp">
      <Filter>Header Files\Graphics</Filter>
    </ClInclude>
    <ClInclude Include="ClassRegisterType.hpp">
      <Filter>Header Files\Blueprint</Filter>
    </ClInclude>
    <ClInclude Include="Condition.hpp">
      <Filter>Header Files\Messaging</Filter>
    </ClInclude>
    <ClInclude Include="Connection.hpp">
      <Filter>Header Files\Networking</Filter>
    </ClInclude>
    <ClInclude Include="Convert.hpp">
      <Filter>Header Files\Core</Filter>
    </ClInclude>
    <ClInclude Include="Courier.hpp">
      <Filter>Header Files\Messaging</Filter>
    </ClInclude>
    <ClInclude Include="Debugging.hpp">
      <Filter>Header Files\Core</Filter>
    </ClInclude>
    <ClInclude Include="Decoration.hpp">
      <Filter>Header Files\Graphics</Filter>
    </ClInclude>
    <ClInclude Include="Directory.hpp">
      <Filter>Header Files\System</Filter>
    </ClInclude>
    <ClInclude Include="DragComponent.hpp">
      <Filter>Header Files\Overlay\Draggable</Filter>
    </ClInclude>
    <ClInclude Include="Draggable.hpp">
      <Filter>Header Files\Overlay\Draggable</Filter>
    </ClInclude>
    <ClInclude Include="DraggableSurface.hpp">
      <Filter>Header Files\Overlay\Draggable</Filter>
    </ClInclude>
    <ClInclude Include="EditBox.hpp">
      <Filter>Header Files\Overlay</Filter>
    </ClInclude>
    <ClInclude Include="DragUpdater.hpp">
      <Filter>Header Files\Overlay\Draggable</Filter>
    </ClInclude>
    <ClInclude Include="Eventer.hpp">
      <Filter>Header Files\Messaging</Filter>
    </ClInclude>
    <ClInclude Include="EventTypes.hpp">
      <Filter>Header Files\Messaging</Filter>
    </ClInclude>
    <ClInclude Include="Factory.hpp">
      <Filter>Header Files\Core</Filter>
    </ClInclude>
    <ClInclude Include="Globals.hpp">
      <Filter>Header Files\Core</Filter>
    </ClInclude>
    <ClInclude Include="GraphicsLayer.hpp">
      <Filter>Header Files\Graphics</Filter>
    </ClInclude>
    <ClInclude Include="Health.hpp">
      <Filter>Header Files\Ranges</Filter>
    </ClInclude>
    <ClInclude Include="IOComponent.hpp">
      <Filter>Header Files\Messaging</Filter>
    </ClInclude>
    <ClInclude Include="IOManager.hpp">
      <Filter>Header Files\Messaging</Filter>
    </ClInclude>
    <ClInclude Include="ISerializable.hpp">
      <Filter>Header Files\Messaging</Filter>
    </ClInclude>
    <ClInclude Include="JSON.hpp">
      <Filter>Header Files\Blueprint</Filter>
    </ClInclude>
    <ClInclude Include="LaunchGame.hpp">
      <Filter>Header Files\Game</Filter>
    </ClInclude>
    <ClInclude Include="Game.hpp">
      <Filter>Header Files\Game</Filter>
    </ClInclude>
    <ClInclude Include="LinearMeter.hpp">
      <Filter>Header Files\Graphics</Filter>
    </ClInclude>
    <ClInclude Include="Message.hpp">
      <Filter>Header Files\Messaging</Filter>
    </ClInclude>
    <ClInclude Include="Network.hpp">
      <Filter>Header Files\Networking</Filter>
    </ClInclude>
    <ClInclude Include="NetworkBoss.hpp">
      <Filter>Header Files\Networking</Filter>
    </ClInclude>
    <ClInclude Include="NetworkComponent.hpp">
      <Filter>Header Files\Networking</Filter>
    </ClInclude>
    <ClInclude Include="NetworkedSelection.hpp">
      <Filter>Header Files\Networking</Filter>
    </ClInclude>
    <ClInclude Include="NetworkFactory.hpp">
      <Filter>Header Files\Networking</Filter>
    </ClInclude>
    <ClInclude Include="NonCopyable.hpp">
      <Filter>Header Files\Core</Filter>
    </ClInclude>
    <ClInclude Include="NumericDisplay.hpp">
      <Filter>Header Files\Overlay</Filter>
    </ClInclude>
    <ClInclude Include="OddballFunctions.hpp">
      <Filter>Header Files\Core</Filter>
    </ClInclude>
    <ClInclude Include="Overlay.hpp">
      <Filter>Header Files\Overlay</Filter>
    </ClInclude>
    <ClInclude Include="Panel.hpp">
      <Filter>Header Files\Overlay</Filter>
    </ClInclude>
    <ClInclude Include="Particles.hpp">
      <Filter>Header Files\Graphics</Filter>
    </ClInclude>
    <ClInclude Include="Player.hpp">
      <Filter>Header Files\Control</Filter>
    </ClInclude>
    <ClInclude Include="Protocol.hpp">
      <Filter>Header Files\Networking</Filter>
    </ClInclude>
    <ClInclude Include="QuadComponent.hpp">
      <Filter>Header Files\Graphics</Filter>
    </ClInclude>
    <ClInclude Include="Range.hpp">
      <Filter>Header Files\Ranges</Filter>
    </ClInclude>
    <ClInclude Include="RangeList.hpp">
      <Filter>Header Files\Ranges</Filter>
    </ClInclude>
    <ClInclude Include="Resources.hpp">
      <Filter>Header Files\Ranges</Filter>
    </ClInclude>
    <ClInclude Include="ReturnSelection.hpp">
      <Filter>Header Files\Overlay</Filter>
    </ClInclude>
    <ClInclude Include="SelectableItem.hpp">
      <Filter>Header Files\Overlay</Filter>
    </ClInclude>
    <ClInclude Include="Shaker.hpp">
      <Filter>Header Files\Graphics</Filter>
    </ClInclude>
    <ClInclude Include="Sound.hpp">
      <Filter>Header Files\Audio</Filter>
    </ClInclude>
    <ClInclude Include="SoundManager.hpp">
      <Filter>Header Files\Audio</Filter>
    </ClInclude>
    <ClInclude Include="Spinner.hpp">
      <Filter>Header Files\Graphics</Filter>
    </ClInclude>
    <ClInclude Include="stdafx.hpp">
      <Filter>Header Files\Core</Filter>
    </ClInclude>
    <ClInclude Include="Team.hpp">
      <Filter>Header Files\Core</Filter>
    </ClInclude>
    <ClInclude Include="Tooltip.hpp">
      <Filter>Header Files\Overlay</Filter>
    </ClInclude>
    <ClInclude Include="Universe.hpp">
      <Filter>Header Files\Universe</Filter>
    </ClInclude>
    <ClInclude Include="WidgetBase.hpp">
      <Filter>Header Files\Overlay</Filter>
    </ClInclude>
    <ClInclude Include="Picture.hpp">
      <Filter>Header Files\Overlay</Filter>
    </ClInclude>
    <ClInclude Include="AnimAlloc.hpp">
      <Filter>Header Files\Graphics\Utility</Filter>
    </ClInclude>
    <ClInclude Include="Animation.hpp">
      <Filter>Header Files\Graphics\Utility</Filter>
    </ClInclude>
    <ClInclude Include="Animator.hpp">
      <Filter>Header Files\Graphics\Utility</Filter>
    </ClInclude>
    <ClInclude Include="BatchLayers.hpp">
      <Filter>Header Files\Graphics\Utility</Filter>
    </ClInclude>
    <ClInclude Include="DecorationEngine.hpp">
      <Filter>Header Files\Graphics\Utility</Filter>
    </ClInclude>
    <ClInclude Include="GraphicsComponentUpdater.hpp">
      <Filter>Header Files\Graphics\Utility</Filter>
    </ClInclude>
    <ClInclude Include="TextureAllocator.hpp">
      <Filter>Header Files\Graphics\Utility</Filter>
    </ClInclude>
    <ClInclude Include="QuadBatchContainer.hpp">
      <Filter>Header Files\Graphics\Utility</Filter>
    </ClInclude>
    <ClInclude Include="GraphicsComponent.hpp">
      <Filter>Header Files\Graphics\Utility</Filter>
    </ClInclude>
    <ClInclude Include="Clock.hpp">
      <Filter>Header Files\System</Filter>
    </ClInclude>
    <ClInclude Include="Timer.hpp">
      <Filter>Header Files\System</Filter>
    </ClInclude>
  </ItemGroup>
  <ItemGroup>
    <ClCompile Include="main.cpp">
      <Filter>Source Files</Filter>
    </ClCompile>
    <ClCompile Include="AnimAlloc.cpp">
      <Filter>Source Files\Graphics</Filter>
    </ClCompile>
    <ClCompile Include="Animator.cpp">
      <Filter>Source Files\Graphics</Filter>
    </ClCompile>
    <ClCompile Include="BasePlayerTraits.cpp">
      <Filter>Source Files\Control</Filter>
    </ClCompile>
    <ClCompile Include="BatchLayers.cpp">
      <Filter>Source Files\Graphics\Utility</Filter>
    </ClCompile>
    <ClCompile Include="Beam.cpp">
      <Filter>Source Files\Graphics</Filter>
    </ClCompile>
    <ClCompile Include="Blueprintable.cpp">
      <Filter>Source Files\Blueprint</Filter>
    </ClCompile>
    <ClCompile Include="BlueprintLoader.cpp">
      <Filter>Source Files\Blueprint</Filter>
    </ClCompile>
    <ClCompile Include="Button.cpp">
      <Filter>Source Files\Overlay</Filter>
    </ClCompile>
    <ClCompile Include="Camera.cpp">
      <Filter>Source Files\Graphics</Filter>
    </ClCompile>
    <ClCompile Include="Chatbox.cpp">
      <Filter>Source Files\Overlay</Filter>
    </ClCompile>
    <ClCompile Include="Condition.cpp">
      <Filter>Source Files\Messaging</Filter>
    </ClCompile>
    <ClCompile Include="Connection.cpp">
      <Filter>Source Files\Networking</Filter>
    </ClCompile>
    <ClCompile Include="Convert.cpp">
      <Filter>Source Files\Core</Filter>
    </ClCompile>
    <ClCompile Include="Decoration.cpp">
      <Filter>Source Files\Graphics</Filter>
    </ClCompile>
    <ClCompile Include="DecorationEngine.cpp">
      <Filter>Source Files\Graphics\Utility</Filter>
    </ClCompile>
    <ClCompile Include="Clock.cpp">
      <Filter>Source Files\System</Filter>
    </ClCompile>
    <ClCompile Include="Directory.cpp">
      <Filter>Source Files\System</Filter>
    </ClCompile>
    <ClCompile Include="DragComponent.cpp">
      <Filter>Source Files\Overlay\Draggable</Filter>
    </ClCompile>
    <ClCompile Include="Draggable.cpp">
      <Filter>Source Files\Overlay\Draggable</Filter>
    </ClCompile>
    <ClCompile Include="DraggableSurface.cpp">
      <Filter>Source Files\Overlay\Draggable</Filter>
    </ClCompile>
    <ClCompile Include="DragUpdater.cpp">
      <Filter>Source Files\Overlay\Draggable</Filter>
    </ClCompile>
    <ClCompile Include="EditBox.cpp">
      <Filter>Source Files\Overlay</Filter>
    </ClCompile>
    <ClCompile Include="Eventer.cpp">
      <Filter>Source Files\Messaging</Filter>
    </ClCompile>
    <ClCompile Include="EventTypes.cpp">
      <Filter>Source Files\Messaging</Filter>
    </ClCompile>
    <ClCompile Include="Factory.cpp">
      <Filter>Source Files\Core</Filter>
    </ClCompile>
    <ClCompile Include="Game.cpp">
      <Filter>Source Files\Game</Filter>
    </ClCompile>
    <ClCompile Include="Globals.cpp">
      <Filter>Source Files\Core</Filter>
    </ClCompile>
    <ClCompile Include="GraphicsComponent.cpp">
      <Filter>Source Files\Graphics\Utility</Filter>
    </ClCompile>
    <ClCompile Include="GraphicsComponentUpdater.cpp">
      <Filter>Source Files\Graphics\Utility</Filter>
    </ClCompile>
    <ClCompile Include="GraphicsLayer.cpp">
      <Filter>Source Files\Graphics</Filter>
    </ClCompile>
    <ClCompile Include="Health.cpp">
      <Filter>Source Files\Ranges</Filter>
    </ClCompile>
    <ClCompile Include="IOBase.cpp">
      <Filter>Source Files\Messaging</Filter>
    </ClCompile>
    <ClCompile Include="IOComponent.cpp">
      <Filter>Source Files\Messaging</Filter>
    </ClCompile>
    <ClCompile Include="IOManager.cpp">
      <Filter>Source Files\Messaging</Filter>
    </ClCompile>
    <ClCompile Include="JSON.cpp">
      <Filter>Source Files\Blueprint</Filter>
    </ClCompile>
    <ClCompile Include="LinearMeter.cpp">
      <Filter>Source Files\Graphics</Filter>
    </ClCompile>
    <ClCompile Include="Message.cpp">
      <Filter>Source Files\Messaging</Filter>
    </ClCompile>
    <ClCompile Include="Network.cpp">
      <Filter>Source Files\Networking</Filter>
    </ClCompile>
    <ClCompile Include="NetworkBoss.cpp">
      <Filter>Source Files\Networking</Filter>
    </ClCompile>
    <ClCompile Include="NetworkComponent.cpp">
      <Filter>Source Files\Networking</Filter>
    </ClCompile>
    <ClCompile Include="NetworkedSelection.cpp">
      <Filter>Source Files\Networking</Filter>
    </ClCompile>
    <ClCompile Include="NetworkFactory.cpp">
      <Filter>Source Files\Networking</Filter>
    </ClCompile>
    <ClCompile Include="NumericDisplay.cpp">
      <Filter>Source Files\Overlay</Filter>
    </ClCompile>
    <ClCompile Include="Panel.cpp">
      <Filter>Source Files\Overlay</Filter>
    </ClCompile>
    <ClCompile Include="Overlay.cpp">
      <Filter>Source Files\Overlay</Filter>
    </ClCompile>
    <ClCompile Include="Particles.cpp">
      <Filter>Source Files\Graphics</Filter>
    </ClCompile>
    <ClCompile Include="Picture.cpp">
      <Filter>Source Files\Overlay</Filter>
    </ClCompile>
    <ClCompile Include="QuadBatchContainer.cpp">
      <Filter>Source Files\Graphics</Filter>
    </ClCompile>
    <ClCompile Include="QuadComponent.cpp">
      <Filter>Source Files\Graphics</Filter>
    </ClCompile>
    <ClCompile Include="Player.cpp">
      <Filter>Source Files\Control</Filter>
    </ClCompile>
    <ClCompile Include="Range.cpp">
      <Filter>Source Files\Ranges</Filter>
    </ClCompile>
    <ClCompile Include="RangeList.cpp">
      <Filter>Source Files\Ranges</Filter>
    </ClCompile>
    <ClCompile Include="RegisterFunction.cpp">
      <Filter>Source Files\Blueprint</Filter>
    </ClCompile>
    <ClCompile Include="Resources.cpp">
      <Filter>Source Files\Ranges</Filter>
    </ClCompile>
    <ClCompile Include="ReturnSelection.cpp">
      <Filter>Source Files\Overlay</Filter>
    </ClCompile>
    <ClCompile Include="SelectableItem.cpp">
      <Filter>Source Files\Overlay</Filter>
    </ClCompile>
    <ClCompile Include="Shaker.cpp">
      <Filter>Source Files\Graphics</Filter>
    </ClCompile>
    <ClCompile Include="Sound.cpp">
      <Filter>Source Files\Audio</Filter>
    </ClCompile>
    <ClCompile Include="SoundManager.cpp">
      <Filter>Source Files\Audio</Filter>
    </ClCompile>
    <ClCompile Include="Tooltip.cpp">
      <Filter>Source Files\Overlay</Filter>
    </ClCompile>
    <ClCompile Include="Timer.cpp">
      <Filter>Source Files\System</Filter>
    </ClCompile>
    <ClCompile Include="WidgetBase.cpp">
      <Filter>Source Files\Overlay</Filter>
    </ClCompile>
    <ClCompile Include="Universe.cpp">
      <Filter>Source Files\Universe</Filter>
    </ClCompile>
    <ClCompile Include="TextureAllocator.cpp">
      <Filter>Source Files\Graphics\Utility</Filter>
    </ClCompile>
    <ClCompile Include="Spinner.cpp">
      <Filter>Source Files\Graphics</Filter>
    </ClCompile>
  </ItemGroup>
</Project>