
Microsoft Visual Studio Solution File, Format Version 12.00
# Visual Studio 14
VisualStudioVersion = 14.0.25420.1
MinimumVisualStudioVersion = 10.0.40219.1
Project("{8BC9CEB8-8B4A-11D0-8D11-00A0C91BC942}") = "SpaceStationManager", "SpaceStationManager.vcxproj", "{EBC213C7-7AE2-42A3-A4EA-184CD0674944}"
	ProjectSection(ProjectDependencies) = postProject
		{D46F6C05-1FE7-4999-A8C7-60B4BBB18398} = {D46F6C05-1FE7-4999-A8C7-60B4BBB18398}
		{13571C53-D779-434E-B827-BFC1234E579F} = {13571C53-D779-434E-B827-BFC1234E579F}
		{CD298296-5E8E-472F-B49A-F163447E2F64} = {CD298296-5E8E-472F-B49A-F163447E2F64}
		{EA3652A0-E0A2-45C1-B744-DE0F06C56804} = {EA3652A0-E0A2-45C1-B744-DE0F06C56804}
		{1B89A9E9-84A2-3D3C-AC5C-D6D8E2227B78} = {1B89A9E9-84A2-3D3C-AC5C-D6D8E2227B78}
	EndProjectSection
EndProject
Project("{8BC9CEB8-8B4A-11D0-8D11-00A0C91BC942}") = "GraphLib", "..\GraphLib\GraphLib.vcxproj", "{13571C53-D779-434E-B827-BFC1234E579F}"
	ProjectSection(ProjectDependencies) = postProject
		{D46F6C05-1FE7-4999-A8C7-60B4BBB18398} = {D46F6C05-1FE7-4999-A8C7-60B4BBB18398}
		{CD298296-5E8E-472F-B49A-F163447E2F64} = {CD298296-5E8E-472F-B49A-F163447E2F64}
		{EA3652A0-E0A2-45C1-B744-DE0F06C56804} = {EA3652A0-E0A2-45C1-B744-DE0F06C56804}
	EndProjectSection
EndProject
Project("{8BC9CEB8-8B4A-11D0-8D11-00A0C91BC942}") = "DebuggingLib", "..\DebuggingLib\DebuggingLib.vcxproj", "{EA3652A0-E0A2-45C1-B744-DE0F06C56804}"
	ProjectSection(ProjectDependencies) = postProject
		{CD298296-5E8E-472F-B49A-F163447E2F64} = {CD298296-5E8E-472F-B49A-F163447E2F64}
	EndProjectSection
EndProject
Project("{8BC9CEB8-8B4A-11D0-8D11-00A0C91BC942}") = "Math", "..\Math\Math.vcxproj", "{D46F6C05-1FE7-4999-A8C7-60B4BBB18398}"
EndProject
Project("{2150E333-8FDC-42A3-9474-1A3956D46DE8}") = "Libraries", "Libraries", "{A240CD03-072F-470F-B690-3D71A675412E}"
EndProject
Project("{8BC9CEB8-8B4A-11D0-8D11-00A0C91BC942}") = "TestSuite", "..\TestSuite\TestSuite.vcxproj", "{CD298296-5E8E-472F-B49A-F163447E2F64}"
EndProject
Project("{8BC9CEB8-8B4A-11D0-8D11-00A0C91BC942}") = "RunAllTests", "..\RunAllTests\RunAllTests.vcxproj", "{3CA707D3-CFE0-42E4-B168-66F70489A5C4}"
	ProjectSection(ProjectDependencies) = postProject
		{D46F6C05-1FE7-4999-A8C7-60B4BBB18398} = {D46F6C05-1FE7-4999-A8C7-60B4BBB18398}
		{13571C53-D779-434E-B827-BFC1234E579F} = {13571C53-D779-434E-B827-BFC1234E579F}
		{CD298296-5E8E-472F-B49A-F163447E2F64} = {CD298296-5E8E-472F-B49A-F163447E2F64}
		{EA3652A0-E0A2-45C1-B744-DE0F06C56804} = {EA3652A0-E0A2-45C1-B744-DE0F06C56804}
		{EBC213C7-7AE2-42A3-A4EA-184CD0674944} = {EBC213C7-7AE2-42A3-A4EA-184CD0674944}
	EndProjectSection
EndProject
Project("{8BC9CEB8-8B4A-11D0-8D11-00A0C91BC942}") = "jsoncpp_lib", "..\JSON\jsoncpp_lib.vcxproj", "{1B89A9E9-84A2-3D3C-AC5C-D6D8E2227B78}"
EndProject
Project("{8BC9CEB8-8B4A-11D0-8D11-00A0C91BC942}") = "sfml-main", "..\SFML\Main\sfml-main.vcxproj", "{AF87FD73-25FC-3ED5-A8B2-B342302281E9}"
EndProject
Project("{8BC9CEB8-8B4A-11D0-8D11-00A0C91BC942}") = "sfml-audio", "..\SFML\Audio\sfml-audio.vcxproj", "{0E68C587-2013-3E4C-BEDC-58F25B74E598}"
EndProject
Project("{8BC9CEB8-8B4A-11D0-8D11-00A0C91BC942}") = "sfml-graphics", "..\SFML\Graphics\sfml-graphics.vcxproj", "{6AF8D394-1C76-37CD-9BAA-EFDB638BCA0B}"
EndProject
Project("{8BC9CEB8-8B4A-11D0-8D11-00A0C91BC942}") = "sfml-network", "..\SFML\Network\sfml-network.vcxproj", "{9E120041-EBB3-3C73-BD96-D107A4D56719}"
EndProject
Project("{8BC9CEB8-8B4A-11D0-8D11-00A0C91BC942}") = "sfml-system", "..\SFML\System\sfml-system.vcxproj", "{0B07AC2D-C2BD-3A82-B577-3A93EF55EE05}"
EndProject
Project("{8BC9CEB8-8B4A-11D0-8D11-00A0C91BC942}") = "sfml-window", "..\SFML\Window\sfml-window.vcxproj", "{29628AD2-0628-365A-BFFB-87B43F5924A1}"
EndProject
Project("{2150E333-8FDC-42A3-9474-1A3956D46DE8}") = "SFML", "SFML", "{EDF7E47D-FB6C-464C-B8F1-992B05A56014}"
EndProject
Project("{2150E333-8FDC-42A3-9474-1A3956D46DE8}") = "Custom", "Custom", "{1141514D-A0BB-4E55-894C-6F4265791BF7}"
EndProject
Global
	GlobalSection(SolutionConfigurationPlatforms) = preSolution
		Debug|x64 = Debug|x64
		Debug|x86 = Debug|x86
		Release|x64 = Release|x64
		Release|x86 = Release|x86
	EndGlobalSection
	GlobalSection(ProjectConfigurationPlatforms) = postSolution
		{EBC213C7-7AE2-42A3-A4EA-184CD0674944}.Debug|x64.ActiveCfg = Debug|x64
		{EBC213C7-7AE2-42A3-A4EA-184CD0674944}.Debug|x64.Build.0 = Debug|x64
		{EBC213C7-7AE2-42A3-A4EA-184CD0674944}.Debug|x86.ActiveCfg = Debug|Win32
		{EBC213C7-7AE2-42A3-A4EA-184CD0674944}.Debug|x86.Build.0 = Debug|Win32
		{EBC213C7-7AE2-42A3-A4EA-184CD0674944}.Release|x64.ActiveCfg = Release|Win32
		{EBC213C7-7AE2-42A3-A4EA-184CD0674944}.Release|x64.Build.0 = Release|Win32
		{EBC213C7-7AE2-42A3-A4EA-184CD0674944}.Release|x86.ActiveCfg = Release|Win32
		{EBC213C7-7AE2-42A3-A4EA-184CD0674944}.Release|x86.Build.0 = Release|Win32
		{13571C53-D779-434E-B827-BFC1234E579F}.Debug|x64.ActiveCfg = Debug|x64
		{13571C53-D779-434E-B827-BFC1234E579F}.Debug|x64.Build.0 = Debug|x64
		{13571C53-D779-434E-B827-BFC1234E579F}.Debug|x86.ActiveCfg = Debug|Win32
		{13571C53-D779-434E-B827-BFC1234E579F}.Debug|x86.Build.0 = Debug|Win32
		{13571C53-D779-434E-B827-BFC1234E579F}.Release|x64.ActiveCfg = Release|Win32
		{13571C53-D779-434E-B827-BFC1234E579F}.Release|x64.Build.0 = Release|Win32
		{13571C53-D779-434E-B827-BFC1234E579F}.Release|x86.ActiveCfg = Release|Win32
		{13571C53-D779-434E-B827-BFC1234E579F}.Release|x86.Build.0 = Release|Win32
		{EA3652A0-E0A2-45C1-B744-DE0F06C56804}.Debug|x64.ActiveCfg = Debug|x64
		{EA3652A0-E0A2-45C1-B744-DE0F06C56804}.Debug|x64.Build.0 = Debug|x64
		{EA3652A0-E0A2-45C1-B744-DE0F06C56804}.Debug|x86.ActiveCfg = Debug|Win32
		{EA3652A0-E0A2-45C1-B744-DE0F06C56804}.Debug|x86.Build.0 = Debug|Win32
		{EA3652A0-E0A2-45C1-B744-DE0F06C56804}.Release|x64.ActiveCfg = Release|Win32
		{EA3652A0-E0A2-45C1-B744-DE0F06C56804}.Release|x64.Build.0 = Release|Win32
		{EA3652A0-E0A2-45C1-B744-DE0F06C56804}.Release|x86.ActiveCfg = Release|Win32
		{EA3652A0-E0A2-45C1-B744-DE0F06C56804}.Release|x86.Build.0 = Release|Win32
		{D46F6C05-1FE7-4999-A8C7-60B4BBB18398}.Debug|x64.ActiveCfg = Debug|x64
		{D46F6C05-1FE7-4999-A8C7-60B4BBB18398}.Debug|x64.Build.0 = Debug|x64
		{D46F6C05-1FE7-4999-A8C7-60B4BBB18398}.Debug|x86.ActiveCfg = Debug|Win32
		{D46F6C05-1FE7-4999-A8C7-60B4BBB18398}.Debug|x86.Build.0 = Debug|Win32
		{D46F6C05-1FE7-4999-A8C7-60B4BBB18398}.Release|x64.ActiveCfg = Release|Win32
		{D46F6C05-1FE7-4999-A8C7-60B4BBB18398}.Release|x64.Build.0 = Release|Win32
		{D46F6C05-1FE7-4999-A8C7-60B4BBB18398}.Release|x86.ActiveCfg = Release|Win32
		{D46F6C05-1FE7-4999-A8C7-60B4BBB18398}.Release|x86.Build.0 = Release|Win32
		{CD298296-5E8E-472F-B49A-F163447E2F64}.Debug|x64.ActiveCfg = Debug|x64
		{CD298296-5E8E-472F-B49A-F163447E2F64}.Debug|x64.Build.0 = Debug|x64
		{CD298296-5E8E-472F-B49A-F163447E2F64}.Debug|x86.ActiveCfg = Debug|Win32
		{CD298296-5E8E-472F-B49A-F163447E2F64}.Debug|x86.Build.0 = Debug|Win32
		{CD298296-5E8E-472F-B49A-F163447E2F64}.Release|x64.ActiveCfg = Release|Win32
		{CD298296-5E8E-472F-B49A-F163447E2F64}.Release|x64.Build.0 = Release|Win32
		{CD298296-5E8E-472F-B49A-F163447E2F64}.Release|x86.ActiveCfg = Release|Win32
		{CD298296-5E8E-472F-B49A-F163447E2F64}.Release|x86.Build.0 = Release|Win32
		{3CA707D3-CFE0-42E4-B168-66F70489A5C4}.Debug|x64.ActiveCfg = Debug|x64
		{3CA707D3-CFE0-42E4-B168-66F70489A5C4}.Debug|x64.Build.0 = Debug|x64
		{3CA707D3-CFE0-42E4-B168-66F70489A5C4}.Debug|x86.ActiveCfg = Debug|Win32
		{3CA707D3-CFE0-42E4-B168-66F70489A5C4}.Debug|x86.Build.0 = Debug|Win32
		{3CA707D3-CFE0-42E4-B168-66F70489A5C4}.Release|x64.ActiveCfg = Release|Win32
		{3CA707D3-CFE0-42E4-B168-66F70489A5C4}.Release|x64.Build.0 = Release|Win32
		{3CA707D3-CFE0-42E4-B168-66F70489A5C4}.Release|x86.ActiveCfg = Release|Win32
		{3CA707D3-CFE0-42E4-B168-66F70489A5C4}.Release|x86.Build.0 = Release|Win32
		{1B89A9E9-84A2-3D3C-AC5C-D6D8E2227B78}.Debug|x64.ActiveCfg = Debug|Win32
		{1B89A9E9-84A2-3D3C-AC5C-D6D8E2227B78}.Debug|x86.ActiveCfg = Debug|Win32
		{1B89A9E9-84A2-3D3C-AC5C-D6D8E2227B78}.Debug|x86.Build.0 = Debug|Win32
		{1B89A9E9-84A2-3D3C-AC5C-D6D8E2227B78}.Release|x64.ActiveCfg = Release|Win32
		{1B89A9E9-84A2-3D3C-AC5C-D6D8E2227B78}.Release|x86.ActiveCfg = Release|Win32
		{1B89A9E9-84A2-3D3C-AC5C-D6D8E2227B78}.Release|x86.Build.0 = Release|Win32
		{AF87FD73-25FC-3ED5-A8B2-B342302281E9}.Debug|x64.ActiveCfg = Debug|Win32
		{AF87FD73-25FC-3ED5-A8B2-B342302281E9}.Debug|x86.ActiveCfg = Debug|Win32
		{AF87FD73-25FC-3ED5-A8B2-B342302281E9}.Debug|x86.Build.0 = Debug|Win32
		{AF87FD73-25FC-3ED5-A8B2-B342302281E9}.Release|x64.ActiveCfg = Release|Win32
		{AF87FD73-25FC-3ED5-A8B2-B342302281E9}.Release|x86.ActiveCfg = Release|Win32
		{AF87FD73-25FC-3ED5-A8B2-B342302281E9}.Release|x86.Build.0 = Release|Win32
		{0E68C587-2013-3E4C-BEDC-58F25B74E598}.Debug|x64.ActiveCfg = Debug|Win32
		{0E68C587-2013-3E4C-BEDC-58F25B74E598}.Debug|x86.ActiveCfg = Debug|Win32
		{0E68C587-2013-3E4C-BEDC-58F25B74E598}.Debug|x86.Build.0 = Debug|Win32
		{0E68C587-2013-3E4C-BEDC-58F25B74E598}.Release|x64.ActiveCfg = Release|Win32
		{0E68C587-2013-3E4C-BEDC-58F25B74E598}.Release|x86.ActiveCfg = Release|Win32
		{0E68C587-2013-3E4C-BEDC-58F25B74E598}.Release|x86.Build.0 = Release|Win32
		{6AF8D394-1C76-37CD-9BAA-EFDB638BCA0B}.Debug|x64.ActiveCfg = Debug|Win32
		{6AF8D394-1C76-37CD-9BAA-EFDB638BCA0B}.Debug|x86.ActiveCfg = Debug|Win32
		{6AF8D394-1C76-37CD-9BAA-EFDB638BCA0B}.Debug|x86.Build.0 = Debug|Win32
		{6AF8D394-1C76-37CD-9BAA-EFDB638BCA0B}.Release|x64.ActiveCfg = Release|Win32
		{6AF8D394-1C76-37CD-9BAA-EFDB638BCA0B}.Release|x86.ActiveCfg = Release|Win32
		{6AF8D394-1C76-37CD-9BAA-EFDB638BCA0B}.Release|x86.Build.0 = Release|Win32
		{9E120041-EBB3-3C73-BD96-D107A4D56719}.Debug|x64.ActiveCfg = Debug|Win32
		{9E120041-EBB3-3C73-BD96-D107A4D56719}.Debug|x86.ActiveCfg = Debug|Win32
		{9E120041-EBB3-3C73-BD96-D107A4D56719}.Debug|x86.Build.0 = Debug|Win32
		{9E120041-EBB3-3C73-BD96-D107A4D56719}.Release|x64.ActiveCfg = Release|Win32
		{9E120041-EBB3-3C73-BD96-D107A4D56719}.Release|x86.ActiveCfg = Release|Win32
		{9E120041-EBB3-3C73-BD96-D107A4D56719}.Release|x86.Build.0 = Release|Win32
		{0B07AC2D-C2BD-3A82-B577-3A93EF55EE05}.Debug|x64.ActiveCfg = Debug|Win32
		{0B07AC2D-C2BD-3A82-B577-3A93EF55EE05}.Debug|x86.ActiveCfg = Debug|Win32
		{0B07AC2D-C2BD-3A82-B577-3A93EF55EE05}.Debug|x86.Build.0 = Debug|Win32
		{0B07AC2D-C2BD-3A82-B577-3A93EF55EE05}.Release|x64.ActiveCfg = Release|Win32
		{0B07AC2D-C2BD-3A82-B577-3A93EF55EE05}.Release|x86.ActiveCfg = Release|Win32
		{0B07AC2D-C2BD-3A82-B577-3A93EF55EE05}.Release|x86.Build.0 = Release|Win32
		{29628AD2-0628-365A-BFFB-87B43F5924A1}.Debug|x64.ActiveCfg = Debug|Win32
		{29628AD2-0628-365A-BFFB-87B43F5924A1}.Debug|x86.ActiveCfg = Debug|Win32
		{29628AD2-0628-365A-BFFB-87B43F5924A1}.Debug|x86.Build.0 = Debug|Win32
		{29628AD2-0628-365A-BFFB-87B43F5924A1}.Release|x64.ActiveCfg = Release|Win32
		{29628AD2-0628-365A-BFFB-87B43F5924A1}.Release|x86.ActiveCfg = Release|Win32
		{29628AD2-0628-365A-BFFB-87B43F5924A1}.Release|x86.Build.0 = Release|Win32
	EndGlobalSection
	GlobalSection(SolutionProperties) = preSolution
		HideSolutionNode = FALSE
	EndGlobalSection
	GlobalSection(NestedProjects) = preSolution
		{13571C53-D779-434E-B827-BFC1234E579F} = {1141514D-A0BB-4E55-894C-6F4265791BF7}
		{EA3652A0-E0A2-45C1-B744-DE0F06C56804} = {1141514D-A0BB-4E55-894C-6F4265791BF7}
		{D46F6C05-1FE7-4999-A8C7-60B4BBB18398} = {1141514D-A0BB-4E55-894C-6F4265791BF7}
		{CD298296-5E8E-472F-B49A-F163447E2F64} = {1141514D-A0BB-4E55-894C-6F4265791BF7}
		{1B89A9E9-84A2-3D3C-AC5C-D6D8E2227B78} = {A240CD03-072F-470F-B690-3D71A675412E}
		{AF87FD73-25FC-3ED5-A8B2-B342302281E9} = {EDF7E47D-FB6C-464C-B8F1-992B05A56014}
		{0E68C587-2013-3E4C-BEDC-58F25B74E598} = {EDF7E47D-FB6C-464C-B8F1-992B05A56014}
		{6AF8D394-1C76-37CD-9BAA-EFDB638BCA0B} = {EDF7E47D-FB6C-464C-B8F1-992B05A56014}
		{9E120041-EBB3-3C73-BD96-D107A4D56719} = {EDF7E47D-FB6C-464C-B8F1-992B05A56014}
		{0B07AC2D-C2BD-3A82-B577-3A93EF55EE05} = {EDF7E47D-FB6C-464C-B8F1-992B05A56014}
		{29628AD2-0628-365A-BFFB-87B43F5924A1} = {EDF7E47D-FB6C-464C-B8F1-992B05A56014}
		{EDF7E47D-FB6C-464C-B8F1-992B05A56014} = {A240CD03-072F-470F-B690-3D71A675412E}
		{1141514D-A0BB-4E55-894C-6F4265791BF7} = {A240CD03-072F-470F-B690-3D71A675412E}
	EndGlobalSection
EndGlobal
