<?xml version="1.0" encoding="utf-8"?>
<Project ToolsVersion="14.0" xmlns="http://schemas.microsoft.com/developer/msbuild/2003">
  <ItemGroup>
    <ClCompile Include="Keyboard.cpp" />
    <ClCompile Include="Mouse.cpp" />
    <ClCompile Include="Sensor.cpp" />
    <ClCompile Include="SensorManager.cpp" />
    <ClCompile Include="Touch.cpp" />
    <ClCompile Include="VideoMode.cpp" />
    <ClCompile Include="Window.cpp" />
    <ClCompile Include="WindowImpl.cpp" />
    <ClCompile Include="Win32\InputImpl.cpp" />
    <ClCompile Include="Win32\JoystickImpl.cpp" />
    <ClCompile Include="Win32\SensorImpl.cpp" />
    <ClCompile Include="Win32\VideoModeImpl.cpp" />
    <ClCompile Include="Win32\WglContext.cpp" />
    <ClCompile Include="Win32\WglExtensions.cpp" />
    <ClCompile Include="Win32\WindowImplWin32.cpp" />
    <ClCompile Include="Context.cpp" />
    <ClCompile Include="GlContext.cpp" />
    <ClCompile Include="GlResource.cpp" />
    <ClCompile Include="Joystick.cpp" />
    <ClCompile Include="JoystickManager.cpp" />
  </ItemGroup>
  <ItemGroup>
    <ClInclude Include="Keyboard.hpp" />
    <ClInclude Include="Mouse.hpp" />
    <ClInclude Include="Sensor.hpp" />
    <ClInclude Include="SensorImpl.hpp" />
    <ClInclude Include="SensorManager.hpp" />
    <ClInclude Include="Touch.hpp" />
    <ClInclude Include="VideoMode.hpp" />
    <ClInclude Include="VideoModeImpl.hpp" />
    <ClInclude Include="Window.hpp" />
    <ClInclude Include="WindowHandle.hpp" />
    <ClInclude Include="WindowImpl.hpp" />
    <ClInclude Include="WindowStyle.hpp" />
    <ClInclude Include="Win32\InputImpl.hpp" />
    <ClInclude Include="Win32\JoystickImpl.hpp" />
    <ClInclude Include="Win32\SensorImpl.hpp" />
    <ClInclude Include="Win32\WglContext.hpp" />
    <ClInclude Include="Win32\WglExtensions.hpp" />
    <ClInclude Include="Win32\WindowImplWin32.hpp" />
    <ClInclude Include="Context.hpp" />
    <ClInclude Include="ContextSettings.hpp" />
    <ClInclude Include="Event.hpp" />
    <ClInclude Include="Export.hpp" />
    <ClInclude Include="GlContext.hpp" />
    <ClInclude Include="GlResource.hpp" />
    <ClInclude Include="InputImpl.hpp" />
    <ClInclude Include="Joystick.hpp" />
    <ClInclude Include="JoystickImpl.hpp" />
    <ClInclude Include="JoystickManager.hpp" />
  </ItemGroup>
</Project>